// !$*UTF8*$!
{
	archiveVersion = 1;
	classes = {
	};
	objectVersion = 46;
	objects = {

/* Begin PBXBuildFile section */
		569B78D71F2F3D3A00AC8424 /* ViewController+DragDropCollectionView.swift in Sources */ = {isa = PBXBuildFile; fileRef = 569B78D61F2F3D3A00AC8424 /* ViewController+DragDropCollectionView.swift */; };
		569B78D91F3019CB00AC8424 /* ViewController+DragDropTableView.swift in Sources */ = {isa = PBXBuildFile; fileRef = 569B78D81F3019CB00AC8424 /* ViewController+DragDropTableView.swift */; };
		569B78DB1F301AD600AC8424 /* DragDropTableViewCell.swift in Sources */ = {isa = PBXBuildFile; fileRef = 569B78DA1F301AD600AC8424 /* DragDropTableViewCell.swift */; };
		607FACEC1AFB9204008FA782 /* Tests.swift in Sources */ = {isa = PBXBuildFile; fileRef = 607FACEB1AFB9204008FA782 /* Tests.swift */; };
		611FDA837D207DD87D20D2F3 /* Pods_DragDropiOS_Example_Tests.framework in Frameworks */ = {isa = PBXBuildFile; fileRef = F91DB933708F5A7762DF455A /* Pods_DragDropiOS_Example_Tests.framework */; };
		B115EE7788FE7EE137E545CE /* Pods_DragDropiOS_Example.framework in Frameworks */ = {isa = PBXBuildFile; fileRef = 5DCB53A91349AFC78959B6CA /* Pods_DragDropiOS_Example.framework */; };
		CF00545B1E79252F00D7EE97 /* AppDelegate.swift in Sources */ = {isa = PBXBuildFile; fileRef = CF0054501E79252F00D7EE97 /* AppDelegate.swift */; };
		CF00545C1E79252F00D7EE97 /* LaunchScreen.xib in Resources */ = {isa = PBXBuildFile; fileRef = CF0054511E79252F00D7EE97 /* LaunchScreen.xib */; };
		CF00545D1E79252F00D7EE97 /* Main.storyboard in Resources */ = {isa = PBXBuildFile; fileRef = CF0054531E79252F00D7EE97 /* Main.storyboard */; };
		CF00545E1E79252F00D7EE97 /* DragDropCollectionViewCell.swift in Sources */ = {isa = PBXBuildFile; fileRef = CF0054551E79252F00D7EE97 /* DragDropCollectionViewCell.swift */; };
		CF00545F1E79252F00D7EE97 /* DragDropView.swift in Sources */ = {isa = PBXBuildFile; fileRef = CF0054561E79252F00D7EE97 /* DragDropView.swift */; };
		CF0054601E79252F00D7EE97 /* Images.xcassets in Resources */ = {isa = PBXBuildFile; fileRef = CF0054571E79252F00D7EE97 /* Images.xcassets */; };
		CF0054611E79252F00D7EE97 /* Info.plist in Resources */ = {isa = PBXBuildFile; fileRef = CF0054581E79252F00D7EE97 /* Info.plist */; };
		CF0054621E79252F00D7EE97 /* Model.swift in Sources */ = {isa = PBXBuildFile; fileRef = CF0054591E79252F00D7EE97 /* Model.swift */; };
		CF0054631E79252F00D7EE97 /* ViewController.swift in Sources */ = {isa = PBXBuildFile; fileRef = CF00545A1E79252F00D7EE97 /* ViewController.swift */; };
/* End PBXBuildFile section */

/* Begin PBXContainerItemProxy section */
		607FACE61AFB9204008FA782 /* PBXContainerItemProxy */ = {
			isa = PBXContainerItemProxy;
			containerPortal = 607FACC81AFB9204008FA782 /* Project object */;
			proxyType = 1;
			remoteGlobalIDString = 607FACCF1AFB9204008FA782;
			remoteInfo = DragDropiOS;
		};
/* End PBXContainerItemProxy section */

/* Begin PBXFileReference section */
		569B78D61F2F3D3A00AC8424 /* ViewController+DragDropCollectionView.swift */ = {isa = PBXFileReference; fileEncoding = 4; lastKnownFileType = sourcecode.swift; path = "ViewController+DragDropCollectionView.swift"; sourceTree = "<group>"; };
		569B78D81F3019CB00AC8424 /* ViewController+DragDropTableView.swift */ = {isa = PBXFileReference; fileEncoding = 4; lastKnownFileType = sourcecode.swift; path = "ViewController+DragDropTableView.swift"; sourceTree = "<group>"; };
		569B78DA1F301AD600AC8424 /* DragDropTableViewCell.swift */ = {isa = PBXFileReference; fileEncoding = 4; lastKnownFileType = sourcecode.swift; path = DragDropTableViewCell.swift; sourceTree = "<group>"; };
		5DCB53A91349AFC78959B6CA /* Pods_DragDropiOS_Example.framework */ = {isa = PBXFileReference; explicitFileType = wrapper.framework; includeInIndex = 0; path = Pods_DragDropiOS_Example.framework; sourceTree = BUILT_PRODUCTS_DIR; };
		607FACD01AFB9204008FA782 /* DragDropiOS-Example.app */ = {isa = PBXFileReference; explicitFileType = wrapper.application; includeInIndex = 0; path = "DragDropiOS-Example.app"; sourceTree = BUILT_PRODUCTS_DIR; };
		607FACE51AFB9204008FA782 /* DragDropiOS-Example_Tests.xctest */ = {isa = PBXFileReference; explicitFileType = wrapper.cfbundle; includeInIndex = 0; path = "DragDropiOS-Example_Tests.xctest"; sourceTree = BUILT_PRODUCTS_DIR; };
		607FACEA1AFB9204008FA782 /* Info.plist */ = {isa = PBXFileReference; lastKnownFileType = text.plist.xml; path = Info.plist; sourceTree = "<group>"; };
		607FACEB1AFB9204008FA782 /* Tests.swift */ = {isa = PBXFileReference; lastKnownFileType = sourcecode.swift; path = Tests.swift; sourceTree = "<group>"; };
		812B5E784CB058135AA0CCAB /* Pods-DragDropiOS-Example_Tests.release.xcconfig */ = {isa = PBXFileReference; includeInIndex = 1; lastKnownFileType = text.xcconfig; name = "Pods-DragDropiOS-Example_Tests.release.xcconfig"; path = "Pods/Target Support Files/Pods-DragDropiOS-Example_Tests/Pods-DragDropiOS-Example_Tests.release.xcconfig"; sourceTree = "<group>"; };
		B5B1C21819652F5B9D15F404 /* Pods-DragDropiOS-Example.debug.xcconfig */ = {isa = PBXFileReference; includeInIndex = 1; lastKnownFileType = text.xcconfig; name = "Pods-DragDropiOS-Example.debug.xcconfig"; path = "Pods/Target Support Files/Pods-DragDropiOS-Example/Pods-DragDropiOS-Example.debug.xcconfig"; sourceTree = "<group>"; };
		C8CA47DDC694824F4C3BA7D3 /* Pods-DragDropiOS-Example.release.xcconfig */ = {isa = PBXFileReference; includeInIndex = 1; lastKnownFileType = text.xcconfig; name = "Pods-DragDropiOS-Example.release.xcconfig"; path = "Pods/Target Support Files/Pods-DragDropiOS-Example/Pods-DragDropiOS-Example.release.xcconfig"; sourceTree = "<group>"; };
		CF0054501E79252F00D7EE97 /* AppDelegate.swift */ = {isa = PBXFileReference; fileEncoding = 4; lastKnownFileType = sourcecode.swift; path = AppDelegate.swift; sourceTree = "<group>"; };
		CF0054521E79252F00D7EE97 /* Base */ = {isa = PBXFileReference; lastKnownFileType = file.xib; name = Base; path = Base.lproj/LaunchScreen.xib; sourceTree = "<group>"; };
		CF0054541E79252F00D7EE97 /* Base */ = {isa = PBXFileReference; lastKnownFileType = file.storyboard; name = Base; path = Base.lproj/Main.storyboard; sourceTree = "<group>"; };
		CF0054551E79252F00D7EE97 /* DragDropCollectionViewCell.swift */ = {isa = PBXFileReference; fileEncoding = 4; lastKnownFileType = sourcecode.swift; path = DragDropCollectionViewCell.swift; sourceTree = "<group>"; };
		CF0054561E79252F00D7EE97 /* DragDropView.swift */ = {isa = PBXFileReference; fileEncoding = 4; lastKnownFileType = sourcecode.swift; path = DragDropView.swift; sourceTree = "<group>"; };
		CF0054571E79252F00D7EE97 /* Images.xcassets */ = {isa = PBXFileReference; lastKnownFileType = folder.assetcatalog; path = Images.xcassets; sourceTree = "<group>"; };
		CF0054581E79252F00D7EE97 /* Info.plist */ = {isa = PBXFileReference; fileEncoding = 4; lastKnownFileType = text.plist.xml; path = Info.plist; sourceTree = "<group>"; };
		CF0054591E79252F00D7EE97 /* Model.swift */ = {isa = PBXFileReference; fileEncoding = 4; lastKnownFileType = sourcecode.swift; path = Model.swift; sourceTree = "<group>"; };
		CF00545A1E79252F00D7EE97 /* ViewController.swift */ = {isa = PBXFileReference; fileEncoding = 4; lastKnownFileType = sourcecode.swift; path = ViewController.swift; sourceTree = "<group>"; };
		D5EDE482BCD4575D1E119F14 /* Pods-DragDropiOS-Example_Tests.debug.xcconfig */ = {isa = PBXFileReference; includeInIndex = 1; lastKnownFileType = text.xcconfig; name = "Pods-DragDropiOS-Example_Tests.debug.xcconfig"; path = "Pods/Target Support Files/Pods-DragDropiOS-Example_Tests/Pods-DragDropiOS-Example_Tests.debug.xcconfig"; sourceTree = "<group>"; };
		F91DB933708F5A7762DF455A /* Pods_DragDropiOS_Example_Tests.framework */ = {isa = PBXFileReference; explicitFileType = wrapper.framework; includeInIndex = 0; path = Pods_DragDropiOS_Example_Tests.framework; sourceTree = BUILT_PRODUCTS_DIR; };
/* End PBXFileReference section */

/* Begin PBXFrameworksBuildPhase section */
		607FACCD1AFB9204008FA782 /* Frameworks */ = {
			isa = PBXFrameworksBuildPhase;
			buildActionMask = 2147483647;
			files = (
				B115EE7788FE7EE137E545CE /* Pods_DragDropiOS_Example.framework in Frameworks */,
			);
			runOnlyForDeploymentPostprocessing = 0;
		};
		607FACE21AFB9204008FA782 /* Frameworks */ = {
			isa = PBXFrameworksBuildPhase;
			buildActionMask = 2147483647;
			files = (
				611FDA837D207DD87D20D2F3 /* Pods_DragDropiOS_Example_Tests.framework in Frameworks */,
			);
			runOnlyForDeploymentPostprocessing = 0;
		};
/* End PBXFrameworksBuildPhase section */

/* Begin PBXGroup section */
		607FACC71AFB9204008FA782 = {
			isa = PBXGroup;
			children = (
				CF00544F1E79252F00D7EE97 /* DragDropiOS-Example */,
				607FACE81AFB9204008FA782 /* Tests */,
				607FACD11AFB9204008FA782 /* Products */,
				FD93339CC4E33B17CCF40856 /* Frameworks */,
				7A46DFB362C55165D8EB462C /* Pods */,
			);
			sourceTree = "<group>";
		};
		607FACD11AFB9204008FA782 /* Products */ = {
			isa = PBXGroup;
			children = (
				607FACD01AFB9204008FA782 /* DragDropiOS-Example.app */,
				607FACE51AFB9204008FA782 /* DragDropiOS-Example_Tests.xctest */,
			);
			name = Products;
			sourceTree = "<group>";
		};
		607FACE81AFB9204008FA782 /* Tests */ = {
			isa = PBXGroup;
			children = (
				607FACEB1AFB9204008FA782 /* Tests.swift */,
				607FACE91AFB9204008FA782 /* Supporting Files */,
			);
			path = Tests;
			sourceTree = "<group>";
		};
		607FACE91AFB9204008FA782 /* Supporting Files */ = {
			isa = PBXGroup;
			children = (
				607FACEA1AFB9204008FA782 /* Info.plist */,
			);
			name = "Supporting Files";
			sourceTree = "<group>";
		};
		7A46DFB362C55165D8EB462C /* Pods */ = {
			isa = PBXGroup;
			children = (
				B5B1C21819652F5B9D15F404 /* Pods-DragDropiOS-Example.debug.xcconfig */,
				C8CA47DDC694824F4C3BA7D3 /* Pods-DragDropiOS-Example.release.xcconfig */,
				D5EDE482BCD4575D1E119F14 /* Pods-DragDropiOS-Example_Tests.debug.xcconfig */,
				812B5E784CB058135AA0CCAB /* Pods-DragDropiOS-Example_Tests.release.xcconfig */,
			);
			name = Pods;
			sourceTree = "<group>";
		};
		CF00544F1E79252F00D7EE97 /* DragDropiOS-Example */ = {
			isa = PBXGroup;
			children = (
				CF0054501E79252F00D7EE97 /* AppDelegate.swift */,
				CF0054511E79252F00D7EE97 /* LaunchScreen.xib */,
				CF0054531E79252F00D7EE97 /* Main.storyboard */,
				CF0054561E79252F00D7EE97 /* DragDropView.swift */,
				CF0054571E79252F00D7EE97 /* Images.xcassets */,
				CF0054581E79252F00D7EE97 /* Info.plist */,
				CF0054591E79252F00D7EE97 /* Model.swift */,
				CF00545A1E79252F00D7EE97 /* ViewController.swift */,
				569B78D61F2F3D3A00AC8424 /* ViewController+DragDropCollectionView.swift */,
				CF0054551E79252F00D7EE97 /* DragDropCollectionViewCell.swift */,
				569B78D81F3019CB00AC8424 /* ViewController+DragDropTableView.swift */,
				569B78DA1F301AD600AC8424 /* DragDropTableViewCell.swift */,
			);
			path = "DragDropiOS-Example";
			sourceTree = "<group>";
		};
		FD93339CC4E33B17CCF40856 /* Frameworks */ = {
			isa = PBXGroup;
			children = (
				5DCB53A91349AFC78959B6CA /* Pods_DragDropiOS_Example.framework */,
				F91DB933708F5A7762DF455A /* Pods_DragDropiOS_Example_Tests.framework */,
			);
			name = Frameworks;
			sourceTree = "<group>";
		};
/* End PBXGroup section */

/* Begin PBXNativeTarget section */
		607FACCF1AFB9204008FA782 /* DragDropiOS-Example */ = {
			isa = PBXNativeTarget;
			buildConfigurationList = 607FACEF1AFB9204008FA782 /* Build configuration list for PBXNativeTarget "DragDropiOS-Example" */;
			buildPhases = (
				5A492194315381216E7FAC91 /* [CP] Check Pods Manifest.lock */,
				607FACCC1AFB9204008FA782 /* Sources */,
				607FACCD1AFB9204008FA782 /* Frameworks */,
				607FACCE1AFB9204008FA782 /* Resources */,
				53CD5472F353C613ECDCF3D3 /* [CP] Embed Pods Frameworks */,
				9DC5E064FF0A44F0241E4E59 /* [CP] Copy Pods Resources */,
			);
			buildRules = (
			);
			dependencies = (
			);
			name = "DragDropiOS-Example";
			productName = DragDropiOS;
			productReference = 607FACD01AFB9204008FA782 /* DragDropiOS-Example.app */;
			productType = "com.apple.product-type.application";
		};
		607FACE41AFB9204008FA782 /* DragDropiOS-Example_Tests */ = {
			isa = PBXNativeTarget;
			buildConfigurationList = 607FACF21AFB9204008FA782 /* Build configuration list for PBXNativeTarget "DragDropiOS-Example_Tests" */;
			buildPhases = (
				FBB9A52BED19F5738B6E2BAB /* [CP] Check Pods Manifest.lock */,
				607FACE11AFB9204008FA782 /* Sources */,
				607FACE21AFB9204008FA782 /* Frameworks */,
				607FACE31AFB9204008FA782 /* Resources */,
				8A4EFB9BD20A990AC342A78E /* [CP] Embed Pods Frameworks */,
				9E6CD0921732F3CA17FF41C7 /* [CP] Copy Pods Resources */,
			);
			buildRules = (
			);
			dependencies = (
				607FACE71AFB9204008FA782 /* PBXTargetDependency */,
			);
			name = "DragDropiOS-Example_Tests";
			productName = Tests;
			productReference = 607FACE51AFB9204008FA782 /* DragDropiOS-Example_Tests.xctest */;
			productType = "com.apple.product-type.bundle.unit-test";
		};
/* End PBXNativeTarget section */

/* Begin PBXProject section */
		607FACC81AFB9204008FA782 /* Project object */ = {
			isa = PBXProject;
			attributes = {
				LastSwiftUpdateCheck = 0720;
				LastUpgradeCheck = 0820;
				ORGANIZATIONNAME = CocoaPods;
				TargetAttributes = {
					607FACCF1AFB9204008FA782 = {
						CreatedOnToolsVersion = 6.3.1;
						DevelopmentTeam = 3NV79J62JR;
						LastSwiftMigration = 0820;
						ProvisioningStyle = Automatic;
					};
					607FACE41AFB9204008FA782 = {
						CreatedOnToolsVersion = 6.3.1;
						DevelopmentTeam = 3NV79J62JR;
						LastSwiftMigration = 0820;
						ProvisioningStyle = Automatic;
						TestTargetID = 607FACCF1AFB9204008FA782;
					};
				};
			};
			buildConfigurationList = 607FACCB1AFB9204008FA782 /* Build configuration list for PBXProject "DragDropiOS-Example" */;
			compatibilityVersion = "Xcode 3.2";
			developmentRegion = English;
			hasScannedForEncodings = 0;
			knownRegions = (
				en,
				Base,
			);
			mainGroup = 607FACC71AFB9204008FA782;
			productRefGroup = 607FACD11AFB9204008FA782 /* Products */;
			projectDirPath = "";
			projectRoot = "";
			targets = (
				607FACCF1AFB9204008FA782 /* DragDropiOS-Example */,
				607FACE41AFB9204008FA782 /* DragDropiOS-Example_Tests */,
			);
		};
/* End PBXProject section */

/* Begin PBXResourcesBuildPhase section */
		607FACCE1AFB9204008FA782 /* Resources */ = {
			isa = PBXResourcesBuildPhase;
			buildActionMask = 2147483647;
			files = (
				CF0054611E79252F00D7EE97 /* Info.plist in Resources */,
				CF0054601E79252F00D7EE97 /* Images.xcassets in Resources */,
				CF00545C1E79252F00D7EE97 /* LaunchScreen.xib in Resources */,
				CF00545D1E79252F00D7EE97 /* Main.storyboard in Resources */,
			);
			runOnlyForDeploymentPostprocessing = 0;
		};
		607FACE31AFB9204008FA782 /* Resources */ = {
			isa = PBXResourcesBuildPhase;
			buildActionMask = 2147483647;
			files = (
			);
			runOnlyForDeploymentPostprocessing = 0;
		};
/* End PBXResourcesBuildPhase section */

/* Begin PBXShellScriptBuildPhase section */
		53CD5472F353C613ECDCF3D3 /* [CP] Embed Pods Frameworks */ = {
			isa = PBXShellScriptBuildPhase;
			buildActionMask = 2147483647;
			files = (
			);
			inputPaths = (
			);
			name = "[CP] Embed Pods Frameworks";
			outputPaths = (
			);
			runOnlyForDeploymentPostprocessing = 0;
			shellPath = /bin/sh;
			shellScript = "\"${SRCROOT}/Pods/Target Support Files/Pods-DragDropiOS-Example/Pods-DragDropiOS-Example-frameworks.sh\"\n";
			showEnvVarsInLog = 0;
		};
		5A492194315381216E7FAC91 /* [CP] Check Pods Manifest.lock */ = {
			isa = PBXShellScriptBuildPhase;
			buildActionMask = 2147483647;
			files = (
			);
			inputPaths = (
			);
			name = "[CP] Check Pods Manifest.lock";
			outputPaths = (
			);
			runOnlyForDeploymentPostprocessing = 0;
			shellPath = /bin/sh;
			shellScript = "diff \"${PODS_PODFILE_DIR_PATH}/Podfile.lock\" \"${PODS_ROOT}/Manifest.lock\" > /dev/null\nif [ $? != 0 ] ; then\n    # print error to STDERR\n    echo \"error: The sandbox is not in sync with the Podfile.lock. Run 'pod install' or update your CocoaPods installation.\" >&2\n    exit 1\nfi\n";
			showEnvVarsInLog = 0;
		};
		8A4EFB9BD20A990AC342A78E /* [CP] Embed Pods Frameworks */ = {
			isa = PBXShellScriptBuildPhase;
			buildActionMask = 2147483647;
			files = (
			);
			inputPaths = (
			);
			name = "[CP] Embed Pods Frameworks";
			outputPaths = (
			);
			runOnlyForDeploymentPostprocessing = 0;
			shellPath = /bin/sh;
			shellScript = "\"${SRCROOT}/Pods/Target Support Files/Pods-DragDropiOS-Example_Tests/Pods-DragDropiOS-Example_Tests-frameworks.sh\"\n";
			showEnvVarsInLog = 0;
		};
		9DC5E064FF0A44F0241E4E59 /* [CP] Copy Pods Resources */ = {
			isa = PBXShellScriptBuildPhase;
			buildActionMask = 2147483647;
			files = (
			);
			inputPaths = (
			);
			name = "[CP] Copy Pods Resources";
			outputPaths = (
			);
			runOnlyForDeploymentPostprocessing = 0;
			shellPath = /bin/sh;
			shellScript = "\"${SRCROOT}/Pods/Target Support Files/Pods-DragDropiOS-Example/Pods-DragDropiOS-Example-resources.sh\"\n";
			showEnvVarsInLog = 0;
		};
		9E6CD0921732F3CA17FF41C7 /* [CP] Copy Pods Resources */ = {
			isa = PBXShellScriptBuildPhase;
			buildActionMask = 2147483647;
			files = (
			);
			inputPaths = (
			);
			name = "[CP] Copy Pods Resources";
			outputPaths = (
			);
			runOnlyForDeploymentPostprocessing = 0;
			shellPath = /bin/sh;
			shellScript = "\"${SRCROOT}/Pods/Target Support Files/Pods-DragDropiOS-Example_Tests/Pods-DragDropiOS-Example_Tests-resources.sh\"\n";
			showEnvVarsInLog = 0;
		};
		FBB9A52BED19F5738B6E2BAB /* [CP] Check Pods Manifest.lock */ = {
			isa = PBXShellScriptBuildPhase;
			buildActionMask = 2147483647;
			files = (
			);
			inputPaths = (
			);
			name = "[CP] Check Pods Manifest.lock";
			outputPaths = (
			);
			runOnlyForDeploymentPostprocessing = 0;
			shellPath = /bin/sh;
			shellScript = "diff \"${PODS_PODFILE_DIR_PATH}/Podfile.lock\" \"${PODS_ROOT}/Manifest.lock\" > /dev/null\nif [ $? != 0 ] ; then\n    # print error to STDERR\n    echo \"error: The sandbox is not in sync with the Podfile.lock. Run 'pod install' or update your CocoaPods installation.\" >&2\n    exit 1\nfi\n";
			showEnvVarsInLog = 0;
		};
/* End PBXShellScriptBuildPhase section */

/* Begin PBXSourcesBuildPhase section */
		607FACCC1AFB9204008FA782 /* Sources */ = {
			isa = PBXSourcesBuildPhase;
			buildActionMask = 2147483647;
			files = (
				CF0054631E79252F00D7EE97 /* ViewController.swift in Sources */,
				CF00545E1E79252F00D7EE97 /* DragDropCollectionViewCell.swift in Sources */,
				CF00545F1E79252F00D7EE97 /* DragDropView.swift in Sources */,
				CF00545B1E79252F00D7EE97 /* AppDelegate.swift in Sources */,
				569B78DB1F301AD600AC8424 /* DragDropTableViewCell.swift in Sources */,
				569B78D71F2F3D3A00AC8424 /* ViewController+DragDropCollectionView.swift in Sources */,
				CF0054621E79252F00D7EE97 /* Model.swift in Sources */,
				569B78D91F3019CB00AC8424 /* ViewController+DragDropTableView.swift in Sources */,
			);
			runOnlyForDeploymentPostprocessing = 0;
		};
		607FACE11AFB9204008FA782 /* Sources */ = {
			isa = PBXSourcesBuildPhase;
			buildActionMask = 2147483647;
			files = (
				607FACEC1AFB9204008FA782 /* Tests.swift in Sources */,
			);
			runOnlyForDeploymentPostprocessing = 0;
		};
/* End PBXSourcesBuildPhase section */

/* Begin PBXTargetDependency section */
		607FACE71AFB9204008FA782 /* PBXTargetDependency */ = {
			isa = PBXTargetDependency;
			target = 607FACCF1AFB9204008FA782 /* DragDropiOS-Example */;
			targetProxy = 607FACE61AFB9204008FA782 /* PBXContainerItemProxy */;
		};
/* End PBXTargetDependency section */

/* Begin PBXVariantGroup section */
		CF0054511E79252F00D7EE97 /* LaunchScreen.xib */ = {
			isa = PBXVariantGroup;
			children = (
				CF0054521E79252F00D7EE97 /* Base */,
			);
			name = LaunchScreen.xib;
			sourceTree = "<group>";
		};
		CF0054531E79252F00D7EE97 /* Main.storyboard */ = {
			isa = PBXVariantGroup;
			children = (
				CF0054541E79252F00D7EE97 /* Base */,
			);
			name = Main.storyboard;
			sourceTree = "<group>";
		};
/* End PBXVariantGroup section */

/* Begin XCBuildConfiguration section */
		607FACED1AFB9204008FA782 /* Debug */ = {
			isa = XCBuildConfiguration;
			buildSettings = {
				ALWAYS_SEARCH_USER_PATHS = NO;
				CLANG_CXX_LANGUAGE_STANDARD = "gnu++0x";
				CLANG_CXX_LIBRARY = "libc++";
				CLANG_ENABLE_MODULES = YES;
				CLANG_ENABLE_OBJC_ARC = YES;
				CLANG_WARN_BOOL_CONVERSION = YES;
				CLANG_WARN_CONSTANT_CONVERSION = YES;
				CLANG_WARN_DIRECT_OBJC_ISA_USAGE = YES_ERROR;
				CLANG_WARN_EMPTY_BODY = YES;
				CLANG_WARN_ENUM_CONVERSION = YES;
				CLANG_WARN_INFINITE_RECURSION = YES;
				CLANG_WARN_INT_CONVERSION = YES;
				CLANG_WARN_OBJC_ROOT_CLASS = YES_ERROR;
				CLANG_WARN_SUSPICIOUS_MOVE = YES;
				CLANG_WARN_UNREACHABLE_CODE = YES;
				CLANG_WARN__DUPLICATE_METHOD_MATCH = YES;
				"CODE_SIGN_IDENTITY[sdk=iphoneos*]" = "iPhone Developer";
				COPY_PHASE_STRIP = NO;
				DEBUG_INFORMATION_FORMAT = "dwarf-with-dsym";
				ENABLE_STRICT_OBJC_MSGSEND = YES;
				ENABLE_TESTABILITY = YES;
				GCC_C_LANGUAGE_STANDARD = gnu99;
				GCC_DYNAMIC_NO_PIC = NO;
				GCC_NO_COMMON_BLOCKS = YES;
				GCC_OPTIMIZATION_LEVEL = 0;
				GCC_PREPROCESSOR_DEFINITIONS = (
					"DEBUG=1",
					"$(inherited)",
				);
				GCC_SYMBOLS_PRIVATE_EXTERN = NO;
				GCC_WARN_64_TO_32_BIT_CONVERSION = YES;
				GCC_WARN_ABOUT_RETURN_TYPE = YES_ERROR;
				GCC_WARN_UNDECLARED_SELECTOR = YES;
				GCC_WARN_UNINITIALIZED_AUTOS = YES_AGGRESSIVE;
				GCC_WARN_UNUSED_FUNCTION = YES;
				GCC_WARN_UNUSED_VARIABLE = YES;
				IPHONEOS_DEPLOYMENT_TARGET = 8.0;
				MTL_ENABLE_DEBUG_INFO = YES;
				ONLY_ACTIVE_ARCH = YES;
				SDKROOT = iphoneos;
				SWIFT_OPTIMIZATION_LEVEL = "-Onone";
			};
			name = Debug;
		};
		607FACEE1AFB9204008FA782 /* Release */ = {
			isa = XCBuildConfiguration;
			buildSettings = {
				ALWAYS_SEARCH_USER_PATHS = NO;
				CLANG_CXX_LANGUAGE_STANDARD = "gnu++0x";
				CLANG_CXX_LIBRARY = "libc++";
				CLANG_ENABLE_MODULES = YES;
				CLANG_ENABLE_OBJC_ARC = YES;
				CLANG_WARN_BOOL_CONVERSION = YES;
				CLANG_WARN_CONSTANT_CONVERSION = YES;
				CLANG_WARN_DIRECT_OBJC_ISA_USAGE = YES_ERROR;
				CLANG_WARN_EMPTY_BODY = YES;
				CLANG_WARN_ENUM_CONVERSION = YES;
				CLANG_WARN_INFINITE_RECURSION = YES;
				CLANG_WARN_INT_CONVERSION = YES;
				CLANG_WARN_OBJC_ROOT_CLASS = YES_ERROR;
				CLANG_WARN_SUSPICIOUS_MOVE = YES;
				CLANG_WARN_UNREACHABLE_CODE = YES;
				CLANG_WARN__DUPLICATE_METHOD_MATCH = YES;
				"CODE_SIGN_IDENTITY[sdk=iphoneos*]" = "iPhone Developer";
				COPY_PHASE_STRIP = NO;
				DEBUG_INFORMATION_FORMAT = "dwarf-with-dsym";
				ENABLE_NS_ASSERTIONS = NO;
				ENABLE_STRICT_OBJC_MSGSEND = YES;
				GCC_C_LANGUAGE_STANDARD = gnu99;
				GCC_NO_COMMON_BLOCKS = YES;
				GCC_WARN_64_TO_32_BIT_CONVERSION = YES;
				GCC_WARN_ABOUT_RETURN_TYPE = YES_ERROR;
				GCC_WARN_UNDECLARED_SELECTOR = YES;
				GCC_WARN_UNINITIALIZED_AUTOS = YES_AGGRESSIVE;
				GCC_WARN_UNUSED_FUNCTION = YES;
				GCC_WARN_UNUSED_VARIABLE = YES;
				IPHONEOS_DEPLOYMENT_TARGET = 8.0;
				MTL_ENABLE_DEBUG_INFO = NO;
				SDKROOT = iphoneos;
				SWIFT_OPTIMIZATION_LEVEL = "-Owholemodule";
				VALIDATE_PRODUCT = YES;
			};
			name = Release;
		};
		607FACF01AFB9204008FA782 /* Debug */ = {
			isa = XCBuildConfiguration;
			baseConfigurationReference = B5B1C21819652F5B9D15F404 /* Pods-DragDropiOS-Example.debug.xcconfig */;
			buildSettings = {
				ALWAYS_EMBED_SWIFT_STANDARD_LIBRARIES = YES;
				ASSETCATALOG_COMPILER_APPICON_NAME = AppIcon;
				"CODE_SIGN_IDENTITY[sdk=iphoneos*]" = "iPhone Developer";
				DEVELOPMENT_TEAM = 3NV79J62JR;
				INFOPLIST_FILE = "DragDropiOS-Example/Info.plist";
				LD_RUNPATH_SEARCH_PATHS = "$(inherited) @executable_path/Frameworks";
				MODULE_NAME = ExampleApp;
				PRODUCT_BUNDLE_IDENTIFIER = "com.sheer.DragDropiOS-Example";
				PRODUCT_NAME = "$(TARGET_NAME)";
				PROVISIONING_PROFILE = "";
				PROVISIONING_PROFILE_SPECIFIER = "";
				SWIFT_VERSION = 3.0;
			};
			name = Debug;
		};
		607FACF11AFB9204008FA782 /* Release */ = {
			isa = XCBuildConfiguration;
			baseConfigurationReference = C8CA47DDC694824F4C3BA7D3 /* Pods-DragDropiOS-Example.release.xcconfig */;
			buildSettings = {
				ALWAYS_EMBED_SWIFT_STANDARD_LIBRARIES = YES;
				ASSETCATALOG_COMPILER_APPICON_NAME = AppIcon;
				"CODE_SIGN_IDENTITY[sdk=iphoneos*]" = "iPhone Developer";
				DEVELOPMENT_TEAM = 3NV79J62JR;
				INFOPLIST_FILE = "DragDropiOS-Example/Info.plist";
				LD_RUNPATH_SEARCH_PATHS = "$(inherited) @executable_path/Frameworks";
				MODULE_NAME = ExampleApp;
				PRODUCT_BUNDLE_IDENTIFIER = "com.sheer.DragDropiOS-Example";
				PRODUCT_NAME = "$(TARGET_NAME)";
				SWIFT_VERSION = 3.0;
			};
			name = Release;
		};
		607FACF31AFB9204008FA782 /* Debug */ = {
			isa = XCBuildConfiguration;
			baseConfigurationReference = D5EDE482BCD4575D1E119F14 /* Pods-DragDropiOS-Example_Tests.debug.xcconfig */;
			buildSettings = {
				ALWAYS_EMBED_SWIFT_STANDARD_LIBRARIES = YES;
				"CODE_SIGN_IDENTITY[sdk=iphoneos*]" = "iPhone Developer";
				DEVELOPMENT_TEAM = 3NV79J62JR;
				FRAMEWORK_SEARCH_PATHS = (
					"$(SDKROOT)/Developer/Library/Frameworks",
					"$(inherited)",
				);
				GCC_PREPROCESSOR_DEFINITIONS = (
					"DEBUG=1",
					"$(inherited)",
				);
				INFOPLIST_FILE = Tests/Info.plist;
				LD_RUNPATH_SEARCH_PATHS = "$(inherited) @executable_path/Frameworks @loader_path/Frameworks";
				PRODUCT_BUNDLE_IDENTIFIER = "org.cocoapods.$(PRODUCT_NAME:rfc1034identifier)";
				PRODUCT_NAME = "$(TARGET_NAME)";
				SWIFT_VERSION = 3.0;
			};
			name = Debug;
		};
		607FACF41AFB9204008FA782 /* Release */ = {
			isa = XCBuildConfiguration;
			baseConfigurationReference = 812B5E784CB058135AA0CCAB /* Pods-DragDropiOS-Example_Tests.release.xcconfig */;
			buildSettings = {
				ALWAYS_EMBED_SWIFT_STANDARD_LIBRARIES = YES;
				"CODE_SIGN_IDENTITY[sdk=iphoneos*]" = "iPhone Developer";
				DEVELOPMENT_TEAM = 3NV79J62JR;
				FRAMEWORK_SEARCH_PATHS = (
					"$(SDKROOT)/Developer/Library/Frameworks",
					"$(inherited)",
				);
				INFOPLIST_FILE = Tests/Info.plist;
				LD_RUNPATH_SEARCH_PATHS = "$(inherited) @executable_path/Frameworks @loader_path/Frameworks";
				PRODUCT_BUNDLE_IDENTIFIER = "org.cocoapods.$(PRODUCT_NAME:rfc1034identifier)";
				PRODUCT_NAME = "$(TARGET_NAME)";
				SWIFT_VERSION = 3.0;
			};
			name = Release;
		};
/* End XCBuildConfiguration section */

/* Begin XCConfigurationList section */
		607FACCB1AFB9204008FA782 /* Build configuration list for PBXProject "DragDropiOS-Example" */ = {
			isa = XCConfigurationList;
			buildConfigurations = (
				607FACED1AFB9204008FA782 /* Debug */,
				607FACEE1AFB9204008FA782 /* Release */,
			);
			defaultConfigurationIsVisible = 0;
			defaultConfigurationName = Release;
		};
		607FACEF1AFB9204008FA782 /* Build configuration list for PBXNativeTarget "DragDropiOS-Example" */ = {
			isa = XCConfigurationList;
			buildConfigurations = (
				607FACF01AFB9204008FA782 /* Debug */,
				607FACF11AFB9204008FA782 /* Release */,
			);
			defaultConfigurationIsVisible = 0;
			defaultConfigurationName = Release;
		};
		607FACF21AFB9204008FA782 /* Build configuration list for PBXNativeTarget "DragDropiOS-Example_Tests" */ = {
			isa = XCConfigurationList;
			buildConfigurations = (
				607FACF31AFB9204008FA782 /* Debug */,
				607FACF41AFB9204008FA782 /* Release */,
			);
			defaultConfigurationIsVisible = 0;
			defaultConfigurationName = Release;
		};
/* End XCConfigurationList section */
	};
	rootObject = 607FACC81AFB9204008FA782 /* Project object */;
}
