// !$*UTF8*$!
{
	archiveVersion = 1;
	classes = {
	};
	objectVersion = 46;
	objects = {

/* Begin PBXBuildFile section */
		569B78CF1F2F326000AC8424 /* DragDropTableView.swift in Sources */ = {isa = PBXBuildFile; fileRef = 569B78CE1F2F326000AC8424 /* DragDropTableView.swift */; };
		CF00543F1E79221D00D7EE97 /* DragDropiOS.h in Headers */ = {isa = PBXBuildFile; fileRef = CF00543D1E79221D00D7EE97 /* DragDropiOS.h */; settings = {ATTRIBUTES = (Public, ); }; };
		CF00544D1E7924B600D7EE97 /* DragDropCollectionView.swift in Sources */ = {isa = PBXBuildFile; fileRef = CF00544B1E7924B600D7EE97 /* DragDropCollectionView.swift */; };
		CF00544E1E7924B600D7EE97 /* DragDropManager.swift in Sources */ = {isa = PBXBuildFile; fileRef = CF00544C1E7924B600D7EE97 /* DragDropManager.swift */; };
/* End PBXBuildFile section */

/* Begin PBXFileReference section */
		569B78CE1F2F326000AC8424 /* DragDropTableView.swift */ = {isa = PBXFileReference; fileEncoding = 4; lastKnownFileType = sourcecode.swift; path = DragDropTableView.swift; sourceTree = "<group>"; };
		CF00543A1E79221D00D7EE97 /* DragDropiOS.framework */ = {isa = PBXFileReference; explicitFileType = wrapper.framework; includeInIndex = 0; path = DragDropiOS.framework; sourceTree = BUILT_PRODUCTS_DIR; };
		CF00543D1E79221D00D7EE97 /* DragDropiOS.h */ = {isa = PBXFileReference; lastKnownFileType = sourcecode.c.h; path = DragDropiOS.h; sourceTree = "<group>"; };
		CF00543E1E79221D00D7EE97 /* Info.plist */ = {isa = PBXFileReference; lastKnownFileType = text.plist.xml; path = Info.plist; sourceTree = "<group>"; };
		CF00544B1E7924B600D7EE97 /* DragDropCollectionView.swift */ = {isa = PBXFileReference; fileEncoding = 4; lastKnownFileType = sourcecode.swift; path = DragDropCollectionView.swift; sourceTree = "<group>"; };
		CF00544C1E7924B600D7EE97 /* DragDropManager.swift */ = {isa = PBXFileReference; fileEncoding = 4; lastKnownFileType = sourcecode.swift; path = DragDropManager.swift; sourceTree = "<group>"; };
/* End PBXFileReference section */

/* Begin PBXFrameworksBuildPhase section */
		CF0054361E79221D00D7EE97 /* Frameworks */ = {
			isa = PBXFrameworksBuildPhase;
			buildActionMask = 2147483647;
			files = (
			);
			runOnlyForDeploymentPostprocessing = 0;
		};
/* End PBXFrameworksBuildPhase section */

/* Begin PBXGroup section */
		CF0054301E79221D00D7EE97 = {
			isa = PBXGroup;
			children = (
				CF00543C1E79221D00D7EE97 /* DragDropiOS */,
				CF00543B1E79221D00D7EE97 /* Products */,
			);
			sourceTree = "<group>";
		};
		CF00543B1E79221D00D7EE97 /* Products */ = {
			isa = PBXGroup;
			children = (
				CF00543A1E79221D00D7EE97 /* DragDropiOS.framework */,
			);
			name = Products;
			sourceTree = "<group>";
		};
		CF00543C1E79221D00D7EE97 /* DragDropiOS */ = {
			isa = PBXGroup;
			children = (
				CF00544A1E7924B600D7EE97 /* Classes */,
				CF00543D1E79221D00D7EE97 /* DragDropiOS.h */,
				CF00543E1E79221D00D7EE97 /* Info.plist */,
			);
			path = DragDropiOS;
			sourceTree = "<group>";
		};
		CF00544A1E7924B600D7EE97 /* Classes */ = {
			isa = PBXGroup;
			children = (
				CF00544C1E7924B600D7EE97 /* DragDropManager.swift */,
				CF00544B1E7924B600D7EE97 /* DragDropCollectionView.swift */,
				569B78CE1F2F326000AC8424 /* DragDropTableView.swift */,
			);
			path = Classes;
			sourceTree = "<group>";
		};
/* End PBXGroup section */

/* Begin PBXHeadersBuildPhase section */
		CF0054371E79221D00D7EE97 /* Headers */ = {
			isa = PBXHeadersBuildPhase;
			buildActionMask = 2147483647;
			files = (
				CF00543F1E79221D00D7EE97 /* DragDropiOS.h in Headers */,
			);
			runOnlyForDeploymentPostprocessing = 0;
		};
/* End PBXHeadersBuildPhase section */

/* Begin PBXNativeTarget section */
		CF0054391E79221D00D7EE97 /* DragDropiOS */ = {
			isa = PBXNativeTarget;
			buildConfigurationList = CF0054421E79221D00D7EE97 /* Build configuration list for PBXNativeTarget "DragDropiOS" */;
			buildPhases = (
				CF0054351E79221D00D7EE97 /* Sources */,
				CF0054361E79221D00D7EE97 /* Frameworks */,
				CF0054371E79221D00D7EE97 /* Headers */,
				CF0054381E79221D00D7EE97 /* Resources */,
			);
			buildRules = (
			);
			dependencies = (
			);
			name = DragDropiOS;
			productName = DragDropiOS;
			productReference = CF00543A1E79221D00D7EE97 /* DragDropiOS.framework */;
			productType = "com.apple.product-type.framework";
		};
/* End PBXNativeTarget section */

/* Begin PBXProject section */
		CF0054311E79221D00D7EE97 /* Project object */ = {
			isa = PBXProject;
			attributes = {
				LastUpgradeCheck = 0820;
				ORGANIZATIONNAME = "kai zhou";
				TargetAttributes = {
					CF0054391E79221D00D7EE97 = {
						CreatedOnToolsVersion = 8.2.1;
						LastSwiftMigration = 0820;
						ProvisioningStyle = Automatic;
					};
				};
			};
			buildConfigurationList = CF0054341E79221D00D7EE97 /* Build configuration list for PBXProject "DragDropiOS" */;
			compatibilityVersion = "Xcode 3.2";
			developmentRegion = English;
			hasScannedForEncodings = 0;
			knownRegions = (
				en,
			);
			mainGroup = CF0054301E79221D00D7EE97;
			productRefGroup = CF00543B1E79221D00D7EE97 /* Products */;
			projectDirPath = "";
			projectRoot = "";
			targets = (
				CF0054391E79221D00D7EE97 /* DragDropiOS */,
			);
		};
/* End PBXProject section */

/* Begin PBXResourcesBuildPhase section */
		CF0054381E79221D00D7EE97 /* Resources */ = {
			isa = PBXResourcesBuildPhase;
			buildActionMask = 2147483647;
			files = (
			);
			runOnlyForDeploymentPostprocessing = 0;
		};
/* End PBXResourcesBuildPhase section */

/* Begin PBXSourcesBuildPhase section */
		CF0054351E79221D00D7EE97 /* Sources */ = {
			isa = PBXSourcesBuildPhase;
			buildActionMask = 2147483647;
			files = (
				CF00544E1E7924B600D7EE97 /* DragDropManager.swift in Sources */,
				CF00544D1E7924B600D7EE97 /* DragDropCollectionView.swift in Sources */,
				569B78CF1F2F326000AC8424 /* DragDropTableView.swift in Sources */,
			);
			runOnlyForDeploymentPostprocessing = 0;
		};
/* End PBXSourcesBuildPhase section */

/* Begin XCBuildConfiguration section */
		CF0054401E79221D00D7EE97 /* Debug */ = {
			isa = XCBuildConfiguration;
			buildSettings = {
				ALWAYS_SEARCH_USER_PATHS = NO;
				CLANG_ANALYZER_NONNULL = YES;
				CLANG_CXX_LANGUAGE_STANDARD = "gnu++0x";
				CLANG_CXX_LIBRARY = "libc++";
				CLANG_ENABLE_MODULES = YES;
				CLANG_ENABLE_OBJC_ARC = YES;
				CLANG_WARN_BOOL_CONVERSION = YES;
				CLANG_WARN_CONSTANT_CONVERSION = YES;
				CLANG_WARN_DIRECT_OBJC_ISA_USAGE = YES_ERROR;
				CLANG_WARN_DOCUMENTATION_COMMENTS = YES;
				CLANG_WARN_EMPTY_BODY = YES;
				CLANG_WARN_ENUM_CONVERSION = YES;
				CLANG_WARN_INFINITE_RECURSION = YES;
				CLANG_WARN_INT_CONVERSION = YES;
				CLANG_WARN_OBJC_ROOT_CLASS = YES_ERROR;
				CLANG_WARN_SUSPICIOUS_MOVE = YES;
				CLANG_WARN_UNREACHABLE_CODE = YES;
				CLANG_WARN__DUPLICATE_METHOD_MATCH = YES;
				"CODE_SIGN_IDENTITY[sdk=iphoneos*]" = "iPhone Developer";
				COPY_PHASE_STRIP = NO;
				CURRENT_PROJECT_VERSION = 1;
				DEBUG_INFORMATION_FORMAT = dwarf;
				ENABLE_STRICT_OBJC_MSGSEND = YES;
				ENABLE_TESTABILITY = YES;
				GCC_C_LANGUAGE_STANDARD = gnu99;
				GCC_DYNAMIC_NO_PIC = NO;
				GCC_NO_COMMON_BLOCKS = YES;
				GCC_OPTIMIZATION_LEVEL = 0;
				GCC_PREPROCESSOR_DEFINITIONS = (
					"DEBUG=1",
					"$(inherited)",
				);
				GCC_WARN_64_TO_32_BIT_CONVERSION = YES;
				GCC_WARN_ABOUT_RETURN_TYPE = YES_ERROR;
				GCC_WARN_UNDECLARED_SELECTOR = YES;
				GCC_WARN_UNINITIALIZED_AUTOS = YES_AGGRESSIVE;
				GCC_WARN_UNUSED_FUNCTION = YES;
				GCC_WARN_UNUSED_VARIABLE = YES;
				IPHONEOS_DEPLOYMENT_TARGET = 8.0;
				MTL_ENABLE_DEBUG_INFO = YES;
				ONLY_ACTIVE_ARCH = YES;
				SDKROOT = iphoneos;
				SWIFT_ACTIVE_COMPILATION_CONDITIONS = DEBUG;
				SWIFT_OPTIMIZATION_LEVEL = "-Onone";
				TARGETED_DEVICE_FAMILY = "1,2";
				VERSIONING_SYSTEM = "apple-generic";
				VERSION_INFO_PREFIX = "";
			};
			name = Debug;
		};
		CF0054411E79221D00D7EE97 /* Release */ = {
			isa = XCBuildConfiguration;
			buildSettings = {
				ALWAYS_SEARCH_USER_PATHS = NO;
				CLANG_ANALYZER_NONNULL = YES;
				CLANG_CXX_LANGUAGE_STANDARD = "gnu++0x";
				CLANG_CXX_LIBRARY = "libc++";
				CLANG_ENABLE_MODULES = YES;
				CLANG_ENABLE_OBJC_ARC = YES;
				CLANG_WARN_BOOL_CONVERSION = YES;
				CLANG_WARN_CONSTANT_CONVERSION = YES;
				CLANG_WARN_DIRECT_OBJC_ISA_USAGE = YES_ERROR;
				CLANG_WARN_DOCUMENTATION_COMMENTS = YES;
				CLANG_WARN_EMPTY_BODY = YES;
				CLANG_WARN_ENUM_CONVERSION = YES;
				CLANG_WARN_INFINITE_RECURSION = YES;
				CLANG_WARN_INT_CONVERSION = YES;
				CLANG_WARN_OBJC_ROOT_CLASS = YES_ERROR;
				CLANG_WARN_SUSPICIOUS_MOVE = YES;
				CLANG_WARN_UNREACHABLE_CODE = YES;
				CLANG_WARN__DUPLICATE_METHOD_MATCH = YES;
				"CODE_SIGN_IDENTITY[sdk=iphoneos*]" = "iPhone Developer";
				COPY_PHASE_STRIP = NO;
				CURRENT_PROJECT_VERSION = 1;
				DEBUG_INFORMATION_FORMAT = "dwarf-with-dsym";
				ENABLE_NS_ASSERTIONS = NO;
				ENABLE_STRICT_OBJC_MSGSEND = YES;
				GCC_C_LANGUAGE_STANDARD = gnu99;
				GCC_NO_COMMON_BLOCKS = YES;
				GCC_WARN_64_TO_32_BIT_CONVERSION = YES;
				GCC_WARN_ABOUT_RETURN_TYPE = YES_ERROR;
				GCC_WARN_UNDECLARED_SELECTOR = YES;
				GCC_WARN_UNINITIALIZED_AUTOS = YES_AGGRESSIVE;
				GCC_WARN_UNUSED_FUNCTION = YES;
				GCC_WARN_UNUSED_VARIABLE = YES;
				IPHONEOS_DEPLOYMENT_TARGET = 8.0;
				MTL_ENABLE_DEBUG_INFO = NO;
				SDKROOT = iphoneos;
				SWIFT_OPTIMIZATION_LEVEL = "-Owholemodule";
				TARGETED_DEVICE_FAMILY = "1,2";
				VALIDATE_PRODUCT = YES;
				VERSIONING_SYSTEM = "apple-generic";
				VERSION_INFO_PREFIX = "";
			};
			name = Release;
		};
		CF0054431E79221D00D7EE97 /* Debug */ = {
			isa = XCBuildConfiguration;
			buildSettings = {
				CLANG_ENABLE_MODULES = YES;
				CODE_SIGN_IDENTITY = "";
				DEFINES_MODULE = YES;
				DYLIB_COMPATIBILITY_VERSION = 1;
				DYLIB_CURRENT_VERSION = 1;
				DYLIB_INSTALL_NAME_BASE = "@rpath";
				INFOPLIST_FILE = DragDropiOS/Info.plist;
				INSTALL_PATH = "$(LOCAL_LIBRARY_DIR)/Frameworks";
				IPHONEOS_DEPLOYMENT_TARGET = 8.0;
				LD_RUNPATH_SEARCH_PATHS = "$(inherited) @executable_path/Frameworks @loader_path/Frameworks";
				PRODUCT_BUNDLE_IDENTIFIER = com.heregins.DragDropiOS;
				PRODUCT_NAME = "$(TARGET_NAME)";
				SKIP_INSTALL = YES;
				SWIFT_OPTIMIZATION_LEVEL = "-Onone";
				SWIFT_VERSION = 3.0;
			};
			name = Debug;
		};
		CF0054441E79221D00D7EE97 /* Release */ = {
			isa = XCBuildConfiguration;
			buildSettings = {
				CLANG_ENABLE_MODULES = YES;
				CODE_SIGN_IDENTITY = "";
				DEFINES_MODULE = YES;
				DYLIB_COMPATIBILITY_VERSION = 1;
				DYLIB_CURRENT_VERSION = 1;
				DYLIB_INSTALL_NAME_BASE = "@rpath";
				INFOPLIST_FILE = DragDropiOS/Info.plist;
				INSTALL_PATH = "$(LOCAL_LIBRARY_DIR)/Frameworks";
				IPHONEOS_DEPLOYMENT_TARGET = 8.0;
				LD_RUNPATH_SEARCH_PATHS = "$(inherited) @executable_path/Frameworks @loader_path/Frameworks";
				PRODUCT_BUNDLE_IDENTIFIER = com.heregins.DragDropiOS;
				PRODUCT_NAME = "$(TARGET_NAME)";
				SKIP_INSTALL = YES;
				SWIFT_VERSION = 3.0;
			};
			name = Release;
		};
/* End XCBuildConfiguration section */

/* Begin XCConfigurationList section */
		CF0054341E79221D00D7EE97 /* Build configuration list for PBXProject "DragDropiOS" */ = {
			isa = XCConfigurationList;
			buildConfigurations = (
				CF0054401E79221D00D7EE97 /* Debug */,
				CF0054411E79221D00D7EE97 /* Release */,
			);
			defaultConfigurationIsVisible = 0;
			defaultConfigurationName = Release;
		};
		CF0054421E79221D00D7EE97 /* Build configuration list for PBXNativeTarget "DragDropiOS" */ = {
			isa = XCConfigurationList;
			buildConfigurations = (
				CF0054431E79221D00D7EE97 /* Debug */,
				CF0054441E79221D00D7EE97 /* Release */,
			);
			defaultConfigurationIsVisible = 0;
			defaultConfigurationName = Release;
		};
/* End XCConfigurationList section */
	};
	rootObject = CF0054311E79221D00D7EE97 /* Project object */;
}
